// !$*UTF8*$!
{
	archiveVersion = 1;
	classes = {
	};
	objectVersion = 56;
	objects = {

/* Begin PBXBuildFile section */
		D390D5A22A98EF7B0087D760 /* FunfactsView.swift in Sources */ = {isa = PBXBuildFile; fileRef = D390D5A12A98EF7B0087D760 /* FunfactsView.swift */; };
		D390D5A42A98F4F70087D760 /* MyTabView.swift in Sources */ = {isa = PBXBuildFile; fileRef = D390D5A32A98F4F70087D760 /* MyTabView.swift */; };
		D3C7F04B2A96ED1F00311D44 /* AppsnewmodifiedApp.swift in Sources */ = {isa = PBXBuildFile; fileRef = D3C7F04A2A96ED1F00311D44 /* AppsnewmodifiedApp.swift */; };
		D3C7F04D2A96ED1F00311D44 /* ContentView.swift in Sources */ = {isa = PBXBuildFile; fileRef = D3C7F04C2A96ED1F00311D44 /* ContentView.swift */; };
		D3C7F04F2A96ED2100311D44 /* Assets.xcassets in Resources */ = {isa = PBXBuildFile; fileRef = D3C7F04E2A96ED2100311D44 /* Assets.xcassets */; };
		D3C7F0522A96ED2100311D44 /* Preview Assets.xcassets in Resources */ = {isa = PBXBuildFile; fileRef = D3C7F0512A96ED2100311D44 /* Preview Assets.xcassets */; };
		D3C7F05B2A96ED5500311D44 /* HomeView.swift in Sources */ = {isa = PBXBuildFile; fileRef = D3C7F05A2A96ED5500311D44 /* HomeView.swift */; };
		D3C7F05D2A96F28E00311D44 /* StoryView.swift in Sources */ = {isa = PBXBuildFile; fileRef = D3C7F05C2A96F28E00311D44 /* StoryView.swift */; };
		D3C7F05F2A97949B00311D44 /* FavoritesView.swift in Sources */ = {isa = PBXBuildFile; fileRef = D3C7F05E2A97949B00311D44 /* FavoritesView.swift */; };
/* End PBXBuildFile section */

/* Begin PBXFileReference section */
		D390D5A12A98EF7B0087D760 /* FunfactsView.swift */ = {isa = PBXFileReference; lastKnownFileType = sourcecode.swift; path = FunfactsView.swift; sourceTree = "<group>"; };
		D390D5A32A98F4F70087D760 /* MyTabView.swift */ = {isa = PBXFileReference; lastKnownFileType = sourcecode.swift; path = MyTabView.swift; sourceTree = "<group>"; };
		D3C7F0472A96ED1F00311D44 /* Appsaboutmemodified.app */ = {isa = PBXFileReference; explicitFileType = wrapper.application; includeInIndex = 0; path = Appsaboutmemodified.app; sourceTree = BUILT_PRODUCTS_DIR; };
		D3C7F04A2A96ED1F00311D44 /* AppsnewmodifiedApp.swift */ = {isa = PBXFileReference; lastKnownFileType = sourcecode.swift; path = AppsnewmodifiedApp.swift; sourceTree = "<group>"; };
		D3C7F04C2A96ED1F00311D44 /* ContentView.swift */ = {isa = PBXFileReference; lastKnownFileType = sourcecode.swift; path = ContentView.swift; sourceTree = "<group>"; };
		D3C7F04E2A96ED2100311D44 /* Assets.xcassets */ = {isa = PBXFileReference; lastKnownFileType = folder.assetcatalog; path = Assets.xcassets; sourceTree = "<group>"; };
		D3C7F0512A96ED2100311D44 /* Preview Assets.xcassets */ = {isa = PBXFileReference; lastKnownFileType = folder.assetcatalog; path = "Preview Assets.xcassets"; sourceTree = "<group>"; };
		D3C7F05A2A96ED5500311D44 /* HomeView.swift */ = {isa = PBXFileReference; lastKnownFileType = sourcecode.swift; path = HomeView.swift; sourceTree = "<group>"; };
		D3C7F05C2A96F28E00311D44 /* StoryView.swift */ = {isa = PBXFileReference; lastKnownFileType = sourcecode.swift; path = StoryView.swift; sourceTree = "<group>"; };
		D3C7F05E2A97949B00311D44 /* FavoritesView.swift */ = {isa = PBXFileReference; lastKnownFileType = sourcecode.swift; path = FavoritesView.swift; sourceTree = "<group>"; };
/* End PBXFileReference section */

/* Begin PBXFrameworksBuildPhase section */
		D3C7F0442A96ED1F00311D44 /* Frameworks */ = {
			isa = PBXFrameworksBuildPhase;
			buildActionMask = 2147483647;
			files = (
			);
			runOnlyForDeploymentPostprocessing = 0;
		};
/* End PBXFrameworksBuildPhase section */

/* Begin PBXGroup section */
		D3C7F03E2A96ED1F00311D44 = {
			isa = PBXGroup;
			children = (
				D3C7F0492A96ED1F00311D44 /* Appsnewmodified */,
				D3C7F0482A96ED1F00311D44 /* Products */,
			);
			sourceTree = "<group>";
		};
		D3C7F0482A96ED1F00311D44 /* Products */ = {
			isa = PBXGroup;
			children = (
				D3C7F0472A96ED1F00311D44 /* Appsaboutmemodified.app */,
			);
			name = Products;
			sourceTree = "<group>";
		};
		D3C7F0492A96ED1F00311D44 /* Appsnewmodified */ = {
			isa = PBXGroup;
			children = (
				D3C7F04A2A96ED1F00311D44 /* AppsnewmodifiedApp.swift */,
				D3C7F04C2A96ED1F00311D44 /* ContentView.swift */,
				D3C7F05A2A96ED5500311D44 /* HomeView.swift */,
				D3C7F05C2A96F28E00311D44 /* StoryView.swift */,
				D3C7F05E2A97949B00311D44 /* FavoritesView.swift */,
				D390D5A12A98EF7B0087D760 /* FunfactsView.swift */,
				D390D5A32A98F4F70087D760 /* MyTabView.swift */,
				D3C7F04E2A96ED2100311D44 /* Assets.xcassets */,
				D3C7F0502A96ED2100311D44 /* Preview Content */,
			);
			path = Appsnewmodified;
			sourceTree = "<group>";
		};
		D3C7F0502A96ED2100311D44 /* Preview Content */ = {
			isa = PBXGroup;
			children = (
				D3C7F0512A96ED2100311D44 /* Preview Assets.xcassets */,
			);
			path = "Preview Content";
			sourceTree = "<group>";
		};
/* End PBXGroup section */

/* Begin PBXNativeTarget section */
		D3C7F0462A96ED1F00311D44 /* Appsaboutmemodified */ = {
			isa = PBXNativeTarget;
			buildConfigurationList = D3C7F0552A96ED2100311D44 /* Build configuration list for PBXNativeTarget "Appsaboutmemodified" */;
			buildPhases = (
				D3C7F0432A96ED1F00311D44 /* Sources */,
				D3C7F0442A96ED1F00311D44 /* Frameworks */,
				D3C7F0452A96ED1F00311D44 /* Resources */,
			);
			buildRules = (
			);
			dependencies = (
			);
			name = Appsaboutmemodified;
			productName = Appsnewmodified;
			productReference = D3C7F0472A96ED1F00311D44 /* Appsaboutmemodified.app */;
			productType = "com.apple.product-type.application";
		};
/* End PBXNativeTarget section */

/* Begin PBXProject section */
		D3C7F03F2A96ED1F00311D44 /* Project object */ = {
			isa = PBXProject;
			attributes = {
				BuildIndependentTargetsInParallel = 1;
				LastSwiftUpdateCheck = 1430;
				LastUpgradeCheck = 1430;
				TargetAttributes = {
					D3C7F0462A96ED1F00311D44 = {
						CreatedOnToolsVersion = 14.3.1;
					};
				};
			};
			buildConfigurationList = D3C7F0422A96ED1F00311D44 /* Build configuration list for PBXProject "Appsaboutmemodified" */;
			compatibilityVersion = "Xcode 14.0";
			developmentRegion = en;
			hasScannedForEncodings = 0;
			knownRegions = (
				en,
				Base,
			);
			mainGroup = D3C7F03E2A96ED1F00311D44;
			productRefGroup = D3C7F0482A96ED1F00311D44 /* Products */;
			projectDirPath = "";
			projectRoot = "";
			targets = (
				D3C7F0462A96ED1F00311D44 /* Appsaboutmemodified */,
			);
		};
/* End PBXProject section */

/* Begin PBXResourcesBuildPhase section */
		D3C7F0452A96ED1F00311D44 /* Resources */ = {
			isa = PBXResourcesBuildPhase;
			buildActionMask = 2147483647;
			files = (
				D3C7F0522A96ED2100311D44 /* Preview Assets.xcassets in Resources */,
				D3C7F04F2A96ED2100311D44 /* Assets.xcassets in Resources */,
			);
			runOnlyForDeploymentPostprocessing = 0;
		};
/* End PBXResourcesBuildPhase section */

/* Begin PBXSourcesBuildPhase section */
		D3C7F0432A96ED1F00311D44 /* Sources */ = {
			isa = PBXSourcesBuildPhase;
			buildActionMask = 2147483647;
			files = (
				D3C7F05F2A97949B00311D44 /* FavoritesView.swift in Sources */,
				D3C7F05B2A96ED5500311D44 /* HomeView.swift in Sources */,
				D3C7F04D2A96ED1F00311D44 /* ContentView.swift in Sources */,
				D3C7F05D2A96F28E00311D44 /* StoryView.swift in Sources */,
				D390D5A22A98EF7B0087D760 /* FunfactsView.swift in Sources */,
				D390D5A42A98F4F70087D760 /* MyTabView.swift in Sources */,
				D3C7F04B2A96ED1F00311D44 /* AppsnewmodifiedApp.swift in Sources */,
			);
			runOnlyForDeploymentPostprocessing = 0;
		};
/* End PBXSourcesBuildPhase section */

/* Begin XCBuildConfiguration section */
		D3C7F0532A96ED2100311D44 /* Debug */ = {
			isa = XCBuildConfiguration;
			buildSettings = {
				ALWAYS_SEARCH_USER_PATHS = NO;
				CLANG_ANALYZER_NONNULL = YES;
				CLANG_ANALYZER_NUMBER_OBJECT_CONVERSION = YES_AGGRESSIVE;
				CLANG_CXX_LANGUAGE_STANDARD = "gnu++20";
				CLANG_ENABLE_MODULES = YES;
				CLANG_ENABLE_OBJC_ARC = YES;
				CLANG_ENABLE_OBJC_WEAK = YES;
				CLANG_WARN_BLOCK_CAPTURE_AUTORELEASING = YES;
				CLANG_WARN_BOOL_CONVERSION = YES;
				CLANG_WARN_COMMA = YES;
				CLANG_WARN_CONSTANT_CONVERSION = YES;
				CLANG_WARN_DEPRECATED_OBJC_IMPLEMENTATIONS = YES;
				CLANG_WARN_DIRECT_OBJC_ISA_USAGE = YES_ERROR;
				CLANG_WARN_DOCUMENTATION_COMMENTS = YES;
				CLANG_WARN_EMPTY_BODY = YES;
				CLANG_WARN_ENUM_CONVERSION = YES;
				CLANG_WARN_INFINITE_RECURSION = YES;
				CLANG_WARN_INT_CONVERSION = YES;
				CLANG_WARN_NON_LITERAL_NULL_CONVERSION = YES;
				CLANG_WARN_OBJC_IMPLICIT_RETAIN_SELF = YES;
				CLANG_WARN_OBJC_LITERAL_CONVERSION = YES;
				CLANG_WARN_OBJC_ROOT_CLASS = YES_ERROR;
				CLANG_WARN_QUOTED_INCLUDE_IN_FRAMEWORK_HEADER = YES;
				CLANG_WARN_RANGE_LOOP_ANALYSIS = YES;
				CLANG_WARN_STRICT_PROTOTYPES = YES;
				CLANG_WARN_SUSPICIOUS_MOVE = YES;
				CLANG_WARN_UNGUARDED_AVAILABILITY = YES_AGGRESSIVE;
				CLANG_WARN_UNREACHABLE_CODE = YES;
				CLANG_WARN__DUPLICATE_METHOD_MATCH = YES;
				COPY_PHASE_STRIP = NO;
				DEBUG_INFORMATION_FORMAT = dwarf;
				ENABLE_STRICT_OBJC_MSGSEND = YES;
				ENABLE_TESTABILITY = YES;
				GCC_C_LANGUAGE_STANDARD = gnu11;
				GCC_DYNAMIC_NO_PIC = NO;
				GCC_NO_COMMON_BLOCKS = YES;
				GCC_OPTIMIZATION_LEVEL = 0;
				GCC_PREPROCESSOR_DEFINITIONS = (
					"DEBUG=1",
					"$(inherited)",
				);
				GCC_WARN_64_TO_32_BIT_CONVERSION = YES;
				GCC_WARN_ABOUT_RETURN_TYPE = YES_ERROR;
				GCC_WARN_UNDECLARED_SELECTOR = YES;
				GCC_WARN_UNINITIALIZED_AUTOS = YES_AGGRESSIVE;
				GCC_WARN_UNUSED_FUNCTION = YES;
				GCC_WARN_UNUSED_VARIABLE = YES;
				IPHONEOS_DEPLOYMENT_TARGET = 16.4;
				MTL_ENABLE_DEBUG_INFO = INCLUDE_SOURCE;
				MTL_FAST_MATH = YES;
				ONLY_ACTIVE_ARCH = YES;
				SDKROOT = iphoneos;
				SWIFT_ACTIVE_COMPILATION_CONDITIONS = DEBUG;
				SWIFT_OPTIMIZATION_LEVEL = "-Onone";
			};
			name = Debug;
		};
		D3C7F0542A96ED2100311D44 /* Release */ = {
			isa = XCBuildConfiguration;
			buildSettings = {
				ALWAYS_SEARCH_USER_PATHS = NO;
				CLANG_ANALYZER_NONNULL = YES;
				CLANG_ANALYZER_NUMBER_OBJECT_CONVERSION = YES_AGGRESSIVE;
				CLANG_CXX_LANGUAGE_STANDARD = "gnu++20";
				CLANG_ENABLE_MODULES = YES;
				CLANG_ENABLE_OBJC_ARC = YES;
				CLANG_ENABLE_OBJC_WEAK = YES;
				CLANG_WARN_BLOCK_CAPTURE_AUTORELEASING = YES;
				CLANG_WARN_BOOL_CONVERSION = YES;
				CLANG_WARN_COMMA = YES;
				CLANG_WARN_CONSTANT_CONVERSION = YES;
				CLANG_WARN_DEPRECATED_OBJC_IMPLEMENTATIONS = YES;
				CLANG_WARN_DIRECT_OBJC_ISA_USAGE = YES_ERROR;
				CLANG_WARN_DOCUMENTATION_COMMENTS = YES;
				CLANG_WARN_EMPTY_BODY = YES;
				CLANG_WARN_ENUM_CONVERSION = YES;
				CLANG_WARN_INFINITE_RECURSION = YES;
				CLANG_WARN_INT_CONVERSION = YES;
				CLANG_WARN_NON_LITERAL_NULL_CONVERSION = YES;
				CLANG_WARN_OBJC_IMPLICIT_RETAIN_SELF = YES;
				CLANG_WARN_OBJC_LITERAL_CONVERSION = YES;
				CLANG_WARN_OBJC_ROOT_CLASS = YES_ERROR;
				CLANG_WARN_QUOTED_INCLUDE_IN_FRAMEWORK_HEADER = YES;
				CLANG_WARN_RANGE_LOOP_ANALYSIS = YES;
				CLANG_WARN_STRICT_PROTOTYPES = YES;
				CLANG_WARN_SUSPICIOUS_MOVE = YES;
				CLANG_WARN_UNGUARDED_AVAILABILITY = YES_AGGRESSIVE;
				CLANG_WARN_UNREACHABLE_CODE = YES;
				CLANG_WARN__DUPLICATE_METHOD_MATCH = YES;
				COPY_PHASE_STRIP = NO;
				DEBUG_INFORMATION_FORMAT = "dwarf-with-dsym";
				ENABLE_NS_ASSERTIONS = NO;
				ENABLE_STRICT_OBJC_MSGSEND = YES;
				GCC_C_LANGUAGE_STANDARD = gnu11;
				GCC_NO_COMMON_BLOCKS = YES;
				GCC_WARN_64_TO_32_BIT_CONVERSION = YES;
				GCC_WARN_ABOUT_RETURN_TYPE = YES_ERROR;
				GCC_WARN_UNDECLARED_SELECTOR = YES;
				GCC_WARN_UNINITIALIZED_AUTOS = YES_AGGRESSIVE;
				GCC_WARN_UNUSED_FUNCTION = YES;
				GCC_WARN_UNUSED_VARIABLE = YES;
				IPHONEOS_DEPLOYMENT_TARGET = 16.4;
				MTL_ENABLE_DEBUG_INFO = NO;
				MTL_FAST_MATH = YES;
				SDKROOT = iphoneos;
				SWIFT_COMPILATION_MODE = wholemodule;
				SWIFT_OPTIMIZATION_LEVEL = "-O";
				VALIDATE_PRODUCT = YES;
			};
			name = Release;
		};
		D3C7F0562A96ED2100311D44 /* Debug */ = {
			isa = XCBuildConfiguration;
			buildSettings = {
				ASSETCATALOG_COMPILER_APPICON_NAME = AppIcon;
				ASSETCATALOG_COMPILER_GLOBAL_ACCENT_COLOR_NAME = AccentColor;
				ASSETCATALOG_COMPILER_INCLUDE_ALL_APPICON_ASSETS = NO;
				CODE_SIGN_STYLE = Automatic;
				CURRENT_PROJECT_VERSION = 1;
				DEVELOPMENT_ASSET_PATHS = "\"Appsnewmodified/Preview Content\"";
				DEVELOPMENT_TEAM = 26H29VYTDB;
				ENABLE_PREVIEWS = YES;
				GENERATE_INFOPLIST_FILE = YES;
				INFOPLIST_KEY_CFBundleDisplayName = "About Me";
				INFOPLIST_KEY_UIApplicationSceneManifest_Generation = YES;
				INFOPLIST_KEY_UIApplicationSupportsIndirectInputEvents = YES;
				INFOPLIST_KEY_UILaunchScreen_Generation = YES;
				INFOPLIST_KEY_UISupportedInterfaceOrientations_iPad = "UIInterfaceOrientationPortrait UIInterfaceOrientationPortraitUpsideDown UIInterfaceOrientationLandscapeLeft UIInterfaceOrientationLandscapeRight";
				INFOPLIST_KEY_UISupportedInterfaceOrientations_iPhone = "UIInterfaceOrientationPortrait UIInterfaceOrientationLandscapeLeft UIInterfaceOrientationLandscapeRight";
				LD_RUNPATH_SEARCH_PATHS = (
					"$(inherited)",
					"@executable_path/Frameworks",
				);
				MARKETING_VERSION = 1.0;
				PRODUCT_BUNDLE_IDENTIFIER = com.zaimzawawi.Appsnewmodified;
				PRODUCT_NAME = "$(TARGET_NAME)";
				SWIFT_EMIT_LOC_STRINGS = YES;
				SWIFT_VERSION = 5.0;
				TARGETED_DEVICE_FAMILY = "1,2";
			};
			name = Debug;
		};
		D3C7F0572A96ED2100311D44 /* Release */ = {
			isa = XCBuildConfiguration;
			buildSettings = {
				ASSETCATALOG_COMPILER_APPICON_NAME = AppIcon;
				ASSETCATALOG_COMPILER_GLOBAL_ACCENT_COLOR_NAME = AccentColor;
				ASSETCATALOG_COMPILER_INCLUDE_ALL_APPICON_ASSETS = NO;
				CODE_SIGN_STYLE = Automatic;
				CURRENT_PROJECT_VERSION = 1;
				DEVELOPMENT_ASSET_PATHS = "\"Appsnewmodified/Preview Content\"";
				DEVELOPMENT_TEAM = 26H29VYTDB;
				ENABLE_PREVIEWS = YES;
				GENERATE_INFOPLIST_FILE = YES;
				INFOPLIST_KEY_CFBundleDisplayName = "About Me";
				INFOPLIST_KEY_UIApplicationSceneManifest_Generation = YES;
				INFOPLIST_KEY_UIApplicationSupportsIndirectInputEvents = YES;
				INFOPLIST_KEY_UILaunchScreen_Generation = YES;
				INFOPLIST_KEY_UISupportedInterfaceOrientations_iPad = "UIInterfaceOrientationPortrait UIInterfaceOrientationPortraitUpsideDown UIInterfaceOrientationLandscapeLeft UIInterfaceOrientationLandscapeRight";
				INFOPLIST_KEY_UISupportedInterfaceOrientations_iPhone = "UIInterfaceOrientationPortrait UIInterfaceOrientationLandscapeLeft UIInterfaceOrientationLandscapeRight";
				LD_RUNPATH_SEARCH_PATHS = (
					"$(inherited)",
					"@executable_path/Frameworks",
				);
				MARKETING_VERSION = 1.0;
				PRODUCT_BUNDLE_IDENTIFIER = com.zaimzawawi.Appsnewmodified;
				PRODUCT_NAME = "$(TARGET_NAME)";
				SWIFT_EMIT_LOC_STRINGS = YES;
				SWIFT_VERSION = 5.0;
				TARGETED_DEVICE_FAMILY = "1,2";
			};
			name = Release;
		};
/* End XCBuildConfiguration section */

/* Begin XCConfigurationList section */
		D3C7F0422A96ED1F00311D44 /* Build configuration list for PBXProject "Appsaboutmemodified" */ = {
			isa = XCConfigurationList;
			buildConfigurations = (
				D3C7F0532A96ED2100311D44 /* Debug */,
				D3C7F0542A96ED2100311D44 /* Release */,
			);
			defaultConfigurationIsVisible = 0;
			defaultConfigurationName = Release;
		};
		D3C7F0552A96ED2100311D44 /* Build configuration list for PBXNativeTarget "Appsaboutmemodified" */ = {
			isa = XCConfigurationList;
			buildConfigurations = (
				D3C7F0562A96ED2100311D44 /* Debug */,
				D3C7F0572A96ED2100311D44 /* Release */,
			);
			defaultConfigurationIsVisible = 0;
			defaultConfigurationName = Release;
		};
/* End XCConfigurationList section */
	};
	rootObject = D3C7F03F2A96ED1F00311D44 /* Project object */;
}
